
Microsoft Visual Studio Solution File, Format Version 12.00
# Visual Studio Version 16
VisualStudioVersion = 16.0.31702.278
MinimumVisualStudioVersion = 10.0.40219.1
Project("{FAE04EC0-301F-11D3-BF4B-00C04F79EFBC}") = "TemplatePattern", "DesignPatternAdv2\TemplatePattern.csproj", "{1994024D-9E92-4238-9F98-3D69D8298A61}"
EndProject
Project("{FAE04EC0-301F-11D3-BF4B-00C04F79EFBC}") = "StrategyPattern", "StrategyPattern\StrategyPattern.csproj", "{B3E07A66-FB2F-4067-926D-52ACBDA4134C}"
EndProject
Project("{FAE04EC0-301F-11D3-BF4B-00C04F79EFBC}") = "MediatorPattern", "MediatorPattern\MediatorPattern.csproj", "{961FF3B1-BF70-4B32-8802-3E71AF598EC0}"
EndProject
Global
	GlobalSection(SolutionConfigurationPlatforms) = preSolution
		Debug|Any CPU = Debug|Any CPU
		Release|Any CPU = Release|Any CPU
	EndGlobalSection
	GlobalSection(ProjectConfigurationPlatforms) = postSolution
		{1994024D-9E92-4238-9F98-3D69D8298A61}.Debug|Any CPU.ActiveCfg = Debug|Any CPU
		{1994024D-9E92-4238-9F98-3D69D8298A61}.Debug|Any CPU.Build.0 = Debug|Any CPU
		{1994024D-9E92-4238-9F98-3D69D8298A61}.Release|Any CPU.ActiveCfg = Release|Any CPU
		{1994024D-9E92-4238-9F98-3D69D8298A61}.Release|Any CPU.Build.0 = Release|Any CPU
		{B3E07A66-FB2F-4067-926D-52ACBDA4134C}.Debug|Any CPU.ActiveCfg = Debug|Any CPU
		{B3E07A66-FB2F-4067-926D-52ACBDA4134C}.Debug|Any CPU.Build.0 = Debug|Any CPU
		{B3E07A66-FB2F-4067-926D-52ACBDA4134C}.Release|Any CPU.ActiveCfg = Release|Any CPU
		{B3E07A66-FB2F-4067-926D-52ACBDA4134C}.Release|Any CPU.Build.0 = Release|Any CPU
		{961FF3B1-BF70-4B32-8802-3E71AF598EC0}.Debug|Any CPU.ActiveCfg = Debug|Any CPU
		{961FF3B1-BF70-4B32-8802-3E71AF598EC0}.Debug|Any CPU.Build.0 = Debug|Any CPU
		{961FF3B1-BF70-4B32-8802-3E71AF598EC0}.Release|Any CPU.ActiveCfg = Release|Any CPU
		{961FF3B1-BF70-4B32-8802-3E71AF598EC0}.Release|Any CPU.Build.0 = Release|Any CPU
	EndGlobalSection
	GlobalSection(SolutionProperties) = preSolution
		HideSolutionNode = FALSE
	EndGlobalSection
	GlobalSection(ExtensibilityGlobals) = postSolution
		SolutionGuid = {BE0E4F25-D750-414E-B361-98400E14152B}
	EndGlobalSection
EndGlobal
